
Microsoft Visual Studio Solution File, Format Version 12.00
# Visual Studio Version 17
VisualStudioVersion = 17.2.32408.312
MinimumVisualStudioVersion = 10.0.40219.1
Project("{9A19103F-16F7-4668-BE54-9A1E7A4F7556}") = "EngLang", "EngLang\EngLang.csproj", "{753D5B95-4BE9-4DAD-9365-ABDE3D914DFE}"
EndProject
Project("{9A19103F-16F7-4668-BE54-9A1E7A4F7556}") = "EngLang.Tests", "EngLang.Tests\EngLang.Tests.csproj", "{66261F56-B31C-4CF4-A556-9F43F5CE8861}"
EndProject
Project("{9A19103F-16F7-4668-BE54-9A1E7A4F7556}") = "EngLang.Parser", "EngLang.Parser\EngLang.Parser.csproj", "{11B718D7-304E-4F9E-ADC7-19428B6B871D}"
EndProject
Project("{9A19103F-16F7-4668-BE54-9A1E7A4F7556}") = "Workbench", "Workbench\Workbench.csproj", "{969C03EF-5095-4348-B7F6-D54A9FF4083C}"
EndProject
Project("{888888A0-9F3D-457C-B088-3A5042F75D52}") = "EngLang.Analysis", "EngLang.Analysis\EngLang.Analysis.pyproj", "{81590E6D-321E-41AC-BB7C-B53204922039}"
EndProject
Project("{2150E333-8FDC-42A3-9474-1A3956D46DE8}") = "Solution Items", "Solution Items", "{A8639DF9-2F64-439B-9B3C-3DCED8133421}"
	ProjectSection(SolutionItems) = preProject
		.editorconfig = .editorconfig
		.github\workflows\deployment.yml = .github\workflows\deployment.yml
		Directory.Build.props = Directory.Build.props
		.github\workflows\dotnet.yml = .github\workflows\dotnet.yml
		Grammar.md = Grammar.md
		ideas.md = ideas.md
		nuget.config = nuget.config
		README.md = README.md
	EndProjectSection
EndProject
Global
	GlobalSection(SolutionConfigurationPlatforms) = preSolution
		Debug|Any CPU = Debug|Any CPU
		Debug|x64 = Debug|x64
		Debug|x86 = Debug|x86
		Release|Any CPU = Release|Any CPU
		Release|x64 = Release|x64
		Release|x86 = Release|x86
	EndGlobalSection
	GlobalSection(ProjectConfigurationPlatforms) = postSolution
		{753D5B95-4BE9-4DAD-9365-ABDE3D914DFE}.Debug|Any CPU.ActiveCfg = Debug|Any CPU
		{753D5B95-4BE9-4DAD-9365-ABDE3D914DFE}.Debug|Any CPU.Build.0 = Debug|Any CPU
		{753D5B95-4BE9-4DAD-9365-ABDE3D914DFE}.Debug|x64.ActiveCfg = Debug|Any CPU
		{753D5B95-4BE9-4DAD-9365-ABDE3D914DFE}.Debug|x64.Build.0 = Debug|Any CPU
		{753D5B95-4BE9-4DAD-9365-ABDE3D914DFE}.Debug|x86.ActiveCfg = Debug|Any CPU
		{753D5B95-4BE9-4DAD-9365-ABDE3D914DFE}.Debug|x86.Build.0 = Debug|Any CPU
		{753D5B95-4BE9-4DAD-9365-ABDE3D914DFE}.Release|Any CPU.ActiveCfg = Release|Any CPU
		{753D5B95-4BE9-4DAD-9365-ABDE3D914DFE}.Release|Any CPU.Build.0 = Release|Any CPU
		{753D5B95-4BE9-4DAD-9365-ABDE3D914DFE}.Release|x64.ActiveCfg = Release|Any CPU
		{753D5B95-4BE9-4DAD-9365-ABDE3D914DFE}.Release|x64.Build.0 = Release|Any CPU
		{753D5B95-4BE9-4DAD-9365-ABDE3D914DFE}.Release|x86.ActiveCfg = Release|Any CPU
		{753D5B95-4BE9-4DAD-9365-ABDE3D914DFE}.Release|x86.Build.0 = Release|Any CPU
		{66261F56-B31C-4CF4-A556-9F43F5CE8861}.Debug|Any CPU.ActiveCfg = Debug|Any CPU
		{66261F56-B31C-4CF4-A556-9F43F5CE8861}.Debug|Any CPU.Build.0 = Debug|Any CPU
		{66261F56-B31C-4CF4-A556-9F43F5CE8861}.Debug|x64.ActiveCfg = Debug|Any CPU
		{66261F56-B31C-4CF4-A556-9F43F5CE8861}.Debug|x64.Build.0 = Debug|Any CPU
		{66261F56-B31C-4CF4-A556-9F43F5CE8861}.Debug|x86.ActiveCfg = Debug|Any CPU
		{66261F56-B31C-4CF4-A556-9F43F5CE8861}.Debug|x86.Build.0 = Debug|Any CPU
		{66261F56-B31C-4CF4-A556-9F43F5CE8861}.Release|Any CPU.ActiveCfg = Release|Any CPU
		{66261F56-B31C-4CF4-A556-9F43F5CE8861}.Release|Any CPU.Build.0 = Release|Any CPU
		{66261F56-B31C-4CF4-A556-9F43F5CE8861}.Release|x64.ActiveCfg = Release|Any CPU
		{66261F56-B31C-4CF4-A556-9F43F5CE8861}.Release|x64.Build.0 = Release|Any CPU
		{66261F56-B31C-4CF4-A556-9F43F5CE8861}.Release|x86.ActiveCfg = Release|Any CPU
		{66261F56-B31C-4CF4-A556-9F43F5CE8861}.Release|x86.Build.0 = Release|Any CPU
		{11B718D7-304E-4F9E-ADC7-19428B6B871D}.Debug|Any CPU.ActiveCfg = Debug|Any CPU
		{11B718D7-304E-4F9E-ADC7-19428B6B871D}.Debug|Any CPU.Build.0 = Debug|Any CPU
		{11B718D7-304E-4F9E-ADC7-19428B6B871D}.Debug|x64.ActiveCfg = Debug|Any CPU
		{11B718D7-304E-4F9E-ADC7-19428B6B871D}.Debug|x64.Build.0 = Debug|Any CPU
		{11B718D7-304E-4F9E-ADC7-19428B6B871D}.Debug|x86.ActiveCfg = Debug|Any CPU
		{11B718D7-304E-4F9E-ADC7-19428B6B871D}.Debug|x86.Build.0 = Debug|Any CPU
		{11B718D7-304E-4F9E-ADC7-19428B6B871D}.Release|Any CPU.ActiveCfg = Release|Any CPU
		{11B718D7-304E-4F9E-ADC7-19428B6B871D}.Release|Any CPU.Build.0 = Release|Any CPU
		{11B718D7-304E-4F9E-ADC7-19428B6B871D}.Release|x64.ActiveCfg = Release|Any CPU
		{11B718D7-304E-4F9E-ADC7-19428B6B871D}.Release|x64.Build.0 = Release|Any CPU
		{11B718D7-304E-4F9E-ADC7-19428B6B871D}.Release|x86.ActiveCfg = Release|Any CPU
		{11B718D7-304E-4F9E-ADC7-19428B6B871D}.Release|x86.Build.0 = Release|Any CPU
		{969C03EF-5095-4348-B7F6-D54A9FF4083C}.Debug|Any CPU.ActiveCfg = Debug|Any CPU
		{969C03EF-5095-4348-B7F6-D54A9FF4083C}.Debug|Any CPU.Build.0 = Debug|Any CPU
		{969C03EF-5095-4348-B7F6-D54A9FF4083C}.Debug|x64.ActiveCfg = Debug|Any CPU
		{969C03EF-5095-4348-B7F6-D54A9FF4083C}.Debug|x64.Build.0 = Debug|Any CPU
		{969C03EF-5095-4348-B7F6-D54A9FF4083C}.Debug|x86.ActiveCfg = Debug|Any CPU
		{969C03EF-5095-4348-B7F6-D54A9FF4083C}.Debug|x86.Build.0 = Debug|Any CPU
		{969C03EF-5095-4348-B7F6-D54A9FF4083C}.Release|Any CPU.ActiveCfg = Release|Any CPU
		{969C03EF-5095-4348-B7F6-D54A9FF4083C}.Release|Any CPU.Build.0 = Release|Any CPU
		{969C03EF-5095-4348-B7F6-D54A9FF4083C}.Release|x64.ActiveCfg = Release|Any CPU
		{969C03EF-5095-4348-B7F6-D54A9FF4083C}.Release|x64.Build.0 = Release|Any CPU
		{969C03EF-5095-4348-B7F6-D54A9FF4083C}.Release|x86.ActiveCfg = Release|Any CPU
		{969C03EF-5095-4348-B7F6-D54A9FF4083C}.Release|x86.Build.0 = Release|Any CPU
		{81590E6D-321E-41AC-BB7C-B53204922039}.Debug|Any CPU.ActiveCfg = Debug|Any CPU
		{81590E6D-321E-41AC-BB7C-B53204922039}.Debug|x64.ActiveCfg = Debug|Any CPU
		{81590E6D-321E-41AC-BB7C-B53204922039}.Debug|x86.ActiveCfg = Debug|Any CPU
		{81590E6D-321E-41AC-BB7C-B53204922039}.Release|Any CPU.ActiveCfg = Release|Any CPU
		{81590E6D-321E-41AC-BB7C-B53204922039}.Release|x64.ActiveCfg = Release|Any CPU
		{81590E6D-321E-41AC-BB7C-B53204922039}.Release|x86.ActiveCfg = Release|Any CPU
	EndGlobalSection
	GlobalSection(SolutionProperties) = preSolution
		HideSolutionNode = FALSE
	EndGlobalSection
	GlobalSection(ExtensibilityGlobals) = postSolution
		SolutionGuid = {E56D659C-0C39-4703-9CA4-D76207C684CF}
	EndGlobalSection
EndGlobal
